
Microsoft Visual Studio Solution File, Format Version 12.00
# Visual Studio Version 16
VisualStudioVersion = 16.0.29424.173
MinimumVisualStudioVersion = 10.0.40219.1
Project("{FAE04EC0-301F-11D3-BF4B-00C04F79EFBC}") = "MTIPriceSalesPush", "MTIPriceSalesPush.csproj", "{FFDAA7CD-DDE4-4A55-B57D-305D2BDD9568}"
EndProject
Global
	GlobalSection(SolutionConfigurationPlatforms) = preSolution
		Debug|Any CPU = Debug|Any CPU
		Release|Any CPU = Release|Any CPU
	EndGlobalSection
	GlobalSection(ProjectConfigurationPlatforms) = postSolution
		{FFDAA7CD-DDE4-4A55-B57D-305D2BDD9568}.Debug|Any CPU.ActiveCfg = Debug|Any CPU
		{FFDAA7CD-DDE4-4A55-B57D-305D2BDD9568}.Debug|Any CPU.Build.0 = Debug|Any CPU
		{FFDAA7CD-DDE4-4A55-B57D-305D2BDD9568}.Release|Any CPU.ActiveCfg = Release|Any CPU
		{FFDAA7CD-DDE4-4A55-B57D-305D2BDD9568}.Release|Any CPU.Build.0 = Release|Any CPU
	EndGlobalSection
	GlobalSection(SolutionProperties) = preSolution
		HideSolutionNode = FALSE
	EndGlobalSection
	GlobalSection(ExtensibilityGlobals) = postSolution
		SolutionGuid = {7AF5B19F-DDB6-4BF7-8102-B4000C265368}
	EndGlobalSection
EndGlobal
